{
    "_meta": {
        "hash": {
            "sha256": "bddd2bc918a113589dedae9aecfbf20092cb0b756be19d69b989b55b0405e078"
        },
        "pipfile-spec": 6,
        "requires": {
            "python_version": "3.11"
        },
        "sources": [
            {
                "name": "pypi",
                "url": "https://pypi.org/simple",
                "verify_ssl": true
            }
        ]
    },
    "default": {
        "asgiref": {
            "hashes": [
                "sha256:5f184dc43b7e763efe848065441eac62229c9f7b0475f41f80e207a114eda4ce",
                "sha256:e8667a091e69529631969fd45dc268fa79b99c92c5fcdda727757e52146ec133"
            ],
            "markers": "python_version >= '3.9'",
            "version": "==3.11.1"
        },
        "certifi": {
            "hashes": [
                "sha256:027692e4402ad994f1c42e52a4997a9763c646b73e4096e4d5d6db8af1d6f0fa",
                "sha256:e887ab5cee78ea814d3472169153c2d12cd43b14bd03329a39a9c6e2e80bfba7"
            ],
            "markers": "python_version >= '3.7'",
            "version": "==2026.2.25"
        },
        "channels": {
            "hashes": [
                "sha256:f2bb6bfb73ad7fb4705041d07613c7b4e69528f01ef8cb9fb6c21d9295f15667",
                "sha256:fef47e9055a603900cf16cef85f050d522d9ac4b3daccf24835bd9580705c176"
            ],
            "markers": "python_version >= '3.9'",
            "version": "==4.3.2"
        },
        "channels-redis": {
            "hashes": [
                "sha256:48f3e902ae2d5fef7080215524f3b4a1d3cea4e304150678f867a1a822c0d9f5",
                "sha256:740ee7b54f0e28cf2264a940a24453d3f00526a96931f911fcb69228ef245dd2"
            ],
            "index": "pypi",
            "markers": "python_version >= '3.9'",
            "version": "==4.3.0"
        },
        "charset-normalizer": {
            "hashes": [
                "sha256:007d05ec7321d12a40227aae9e2bc6dca73f3cb21058999a1df9e193555a9dcc",
                "sha256:03853ed82eeebbce3c2abfdbc98c96dc205f32a79627688ac9a27370ea61a49c",
                "sha256:07d9e39b01743c3717745f4c530a6349eadbfa043c7577eef86c502c15df2c67",
                "sha256:08e721811161356f97b4059a9ba7bafb23ea5ee2255402c42881c214e173c6b4",
                "sha256:0c96c3b819b5c3e9e165495db84d41914d6894d55181d2d108cc1a69bfc9cce0",
                "sha256:0ea948db76d31190bf08bd371623927ee1339d5f2a0b4b1b4a4439a65298703c",
                "sha256:0f7eb884681e3938906ed0434f20c63046eacd0111c4ba96f27b76084cd679f5",
                "sha256:12a6fff75f6bc66711b73a2f0addfc4c8c15a20e805146a02d147a318962c444",
                "sha256:12d8baf840cc7889b37c7c770f478adea7adce3dcb3944d02ec87508e2dcf153",
                "sha256:14265bfe1f09498b9d8ec91e9ec9fa52775edf90fcbde092b25f4a33d444fea9",
                "sha256:16d971e29578a5e97d7117866d15889a4a07befe0e87e703ed63cd90cb348c01",
                "sha256:177a0ba5f0211d488e295aaf82707237e331c24788d8d76c96c5a41594723217",
                "sha256:1a87ca9d5df6fe460483d9a5bbf2b18f620cbed41b432e2bddb686228282d10b",
                "sha256:1c2a768fdd44ee4a9339a9b0b130049139b8ce3c01d2ce09f67f5a68048d477c",
                "sha256:1c2aed2e5e41f24ea8ef1590b8e848a79b56f3a5564a65ceec43c9d692dc7d8a",
                "sha256:1dc8b0ea451d6e69735094606991f32867807881400f808a106ee1d963c46a83",
                "sha256:1efde3cae86c8c273f1eb3b287be7d8499420cf2fe7585c41d370d3e790054a5",
                "sha256:202389074300232baeb53ae2569a60901f7efadd4245cf3a3bf0617d60b439d7",
                "sha256:203104ed3e428044fd943bc4bf45fa73c0730391f9621e37fe39ecf477b128cb",
                "sha256:2257141f39fe65a3fdf38aeccae4b953e5f3b3324f4ff0daf9f15b8518666a2c",
                "sha256:298930cec56029e05497a76988377cbd7457ba864beeea92ad7e844fe74cd1f1",
                "sha256:2cd4a60d0e2fb04537162c62bbbb4182f53541fe0ede35cdf270a1c1e723cc42",
                "sha256:2d6eb928e13016cea4f1f21d1e10c1cebd5a421bc57ddf5b1142ae3f86824fab",
                "sha256:2fe249cb4651fd12605b7288b24751d8bfd46d35f12a20b1ba33dea122e690df",
                "sha256:30b8d1d8c52a48c2c5690e152c169b673487a2a58de1ec7393196753063fcd5e",
                "sha256:320ade88cfb846b8cd6b4ddf5ee9e80ee0c1f52401f2456b84ae1ae6a1a5f207",
                "sha256:3534e7dcbdcf757da6b85a0bbf5b6868786d5982dd959b065e65481644817a18",
                "sha256:36836d6ff945a00b88ba1e4572d721e60b5b8c98c155d465f56ad19d68f23734",
                "sha256:38c0109396c4cfc574d502df99742a45c72c08eff0a36158b6f04000043dbf38",
                "sha256:3946fa46a0cf3e4c8cb1cc52f56bb536310d34f25f01ca9b6c16afa767dab110",
                "sha256:3bec022aec2c514d9cf199522a802bd007cd588ab17ab2525f20f9c34d067c18",
                "sha256:3c9a494bc5ec77d43cea229c4f6db1e4d8fe7e1bbffa8b6f0f0032430ff8ab44",
                "sha256:3dce51d0f5e7951f8bb4900c257dad282f49190fdbebecd4ba99bcc41fef404d",
                "sha256:3dedcc22d73ec993f42055eff4fcfed9318d1eeb9a6606c55892a26964964e48",
                "sha256:4042d5c8f957e15221d423ba781e85d553722fc4113f523f2feb7b188cc34c5e",
                "sha256:481551899c856c704d58119b5025793fa6730adda3571971af568f66d2424bb5",
                "sha256:4dc1e73c36828f982bfe79fadf5919923f8a6f4df2860804db9a98c48824ce8d",
                "sha256:4e5163c14bffd570ef2affbfdd77bba66383890797df43dc8b4cc7d6f500bf53",
                "sha256:511ef87c8aec0783e08ac18565a16d435372bc1ac25a91e6ac7f5ef2b0bff790",
                "sha256:532bc9bf33a68613fd7d65e4b1c71a6a38d7d42604ecf239c77392e9b4e8998c",
                "sha256:54523e136b8948060c0fa0bc7b1b50c32c186f2fceee897a495406bb6e311d2b",
                "sha256:5649fd1c7bade02f320a462fdefd0b4bd3ce036065836d4f42e0de958038e116",
                "sha256:56be790f86bfb2c98fb742ce566dfb4816e5a83384616ab59c49e0604d49c51d",
                "sha256:5b77459df20e08151cd6f8b9ef8ef1f961ef73d85c21a555c7eed5b79410ec10",
                "sha256:5ed6ab538499c8644b8a3e18debabcd7ce684f3fa91cf867521a7a0279cab2d6",
                "sha256:6178f72c5508bfc5fd446a5905e698c6212932f25bcdd4b47a757a50605a90e2",
                "sha256:6370e8686f662e6a3941ee48ed4742317cafbe5707e36406e9df792cdb535776",
                "sha256:64f02c6841d7d83f832cd97ccf8eb8a906d06eb95d5276069175c696b024b60a",
                "sha256:65bcd23054beab4d166035cabbc868a09c1a49d1efe458fe8e4361215df40265",
                "sha256:66671f93accb62ed07da56613636f3641f1a12c13046ce91ffc923721f23c008",
                "sha256:6696b7688f54f5af4462118f0bfa7c1621eeb87154f77fa04b9295ce7a8f2943",
                "sha256:6785f414ae0f3c733c437e0f3929197934f526d19dfaa75e18fdb4f94c6fb374",
                "sha256:67f6279d125ca0046a7fd386d01b311c6363844deac3e5b069b514ba3e63c246",
                "sha256:6c114670c45346afedc0d947faf3c7f701051d2518b943679c8ff88befe14f8e",
                "sha256:6e0d51f618228538a3e8f46bd246f87a6cd030565e015803691603f55e12afb5",
                "sha256:6ed74185b2db44f41ef35fd1617c5888e59792da9bbc9190d6c7300617182616",
                "sha256:708838739abf24b2ceb208d0e22403dd018faeef86ddac04319a62ae884c4f15",
                "sha256:715479b9a2802ecac752a3b0efa2b0b60285cf962ee38414211abdfccc233b41",
                "sha256:733784b6d6def852c814bce5f318d25da2ee65dd4839a0718641c696e09a2960",
                "sha256:750e02e074872a3fad7f233b47734166440af3cdea0add3e95163110816d6752",
                "sha256:752a45dc4a6934060b3b0dab47e04edc3326575f82be64bc4fc293914566503e",
                "sha256:7579e913a5339fb8fa133f6bbcfd8e6749696206cf05acdbdca71a1b436d8e72",
                "sha256:7641bb8895e77f921102f72833904dcd9901df5d6d72a2ab8f31d04b7e51e4e7",
                "sha256:7804338df6fcc08105c7745f1502ba68d900f45fd770d5bdd5288ddccb8a42d8",
                "sha256:80d04837f55fc81da168b98de4f4b797ef007fc8a79ab71c6ec9bc4dd662b15b",
                "sha256:813c0e0132266c08eb87469a642cb30aaff57c5f426255419572aaeceeaa7bf4",
                "sha256:82b271f5137d07749f7bf32f70b17ab6eaabedd297e75dce75081a24f76eb545",
                "sha256:84c018e49c3bf790f9c2771c45e9313a08c2c2a6342b162cd650258b57817706",
                "sha256:8751d2787c9131302398b11e6c8068053dcb55d5a8964e114b6e196cf16cb366",
                "sha256:8778f0c7a52e56f75d12dae53ae320fae900a8b9b4164b981b9c5ce059cd1fcb",
                "sha256:87fad7d9ba98c86bcb41b2dc8dbb326619be2562af1f8ff50776a39e55721c5a",
                "sha256:8d828b6667a32a728a1ad1d93957cdf37489c57b97ae6c4de2860fa749b8fc1e",
                "sha256:8e385e4267ab76874ae30db04c627faaaf0b509e1ccc11a95b3fc3e83f855c00",
                "sha256:92a0a01ead5e668468e952e4238cccd7c537364eb7d851ab144ab6627dbbe12f",
                "sha256:94e1885b270625a9a828c9793b4d52a64445299baa1fea5a173bf1d3dd9a1a5a",
                "sha256:a180c5e59792af262bf263b21a3c49353f25945d8d9f70628e73de370d55e1e1",
                "sha256:a277ab8928b9f299723bc1a2dabb1265911b1a76341f90a510368ca44ad9ab66",
                "sha256:a5fe03b42827c13cdccd08e6c0247b6a6d4b5e3cdc53fd1749f5896adcdc2356",
                "sha256:a6c5863edfbe888d9eff9c8b8087354e27618d9da76425c119293f11712a6319",
                "sha256:a89c23ef8d2c6b27fd200a42aa4ac72786e7c60d40efdc76e6011260b6e949c4",
                "sha256:adb2597b428735679446b46c8badf467b4ca5f5056aae4d51a19f9570301b1ad",
                "sha256:ae196f021b5e7c78e918242d217db021ed2a6ace2bc6ae94c0fc596221c7f58d",
                "sha256:ae89db9e5f98a11a4bf50407d4363e7b09b31e55bc117b4f7d80aab97ba009e5",
                "sha256:aed52fea0513bac0ccde438c188c8a471c4e0f457c2dd20cdbf6ea7a450046c7",
                "sha256:aef65cd602a6d0e0ff6f9930fcb1c8fec60dd2cfcb6facaf4bdb0e5873042db0",
                "sha256:af21eb4409a119e365397b2adbaca4c9ccab56543a65d5dbd9f920d6ac29f686",
                "sha256:b14b2d9dac08e28bb8046a1a0434b1750eb221c8f5b87a68f4fa11a6f97b5e34",
                "sha256:bb6d88045545b26da47aa879dd4a89a71d1dce0f0e549b1abcb31dfe4a8eac49",
                "sha256:bb8cc7534f51d9a017b93e3e85b260924f909601c3df002bcdb58ddb4dc41a5c",
                "sha256:bc17a677b21b3502a21f66a8cc64f5bfad4df8a0b8434d661666f8ce90ac3af1",
                "sha256:bd6c2a1c7573c64738d716488d2cdd3c00e340e4835707d8fdb8dc1a66ef164e",
                "sha256:bd9b23791fe793e4968dba0c447e12f78e425c59fc0e3b97f6450f4781f3ee60",
                "sha256:c03a41a8784091e67a39648f70c5f97b5b6a37f216896d44d2cdcb82615339a0",
                "sha256:c0f081d69a6e58272819b70288d3221a6ee64b98df852631c80f293514d3b274",
                "sha256:c35abb8bfff0185efac5878da64c45dafd2b37fb0383add1be155a763c1f083d",
                "sha256:c36c333c39be2dbca264d7803333c896ab8fa7d4d6f0ab7edb7dfd7aea6e98c0",
                "sha256:c45e9440fb78f8ddabcf714b68f936737a121355bf59f3907f4e17721b9d1aae",
                "sha256:c593052c465475e64bbfe5dbd81680f64a67fdc752c56d7a0ae205dc8aeefe0f",
                "sha256:cdd68a1fb318e290a2077696b7eb7a21a49163c455979c639bf5a5dcdc46617d",
                "sha256:ce3412fbe1e31eb81ea42f4169ed94861c56e643189e1e75f0041f3fe7020abe",
                "sha256:cf1493cd8607bec4d8a7b9b004e699fcf8f9103a9284cc94962cb73d20f9d4a3",
                "sha256:cf29836da5119f3c8a8a70667b0ef5fdca3bb12f80fd06487cfa575b3909b393",
                "sha256:d4a48e5b3c2a489fae013b7589308a40146ee081f6f509e047e0e096084ceca1",
                "sha256:d560742f3c0d62afaccf9f41fe485ed69bd7661a241f86a3ef0f0fb8b1a397af",
                "sha256:d6038d37043bced98a66e68d3aa2b6a35505dc01328cd65217cefe82f25def44",
                "sha256:d61f00a0869d77422d9b2aba989e2d24afa6ffd552af442e0e58de4f35ea6d00",
                "sha256:d635aab80466bc95771bb78d5370e74d36d1fe31467b6b29b8b57b2a3cd7d22c",
                "sha256:dca4bbc466a95ba9c0234ef56d7dd9509f63da22274589ebd4ed7f1f4d4c54e3",
                "sha256:dd915403e231e6b1809fe9b6d9fc55cf8fb5e02765ac625d9cd623342a7905d7",
                "sha256:e044c39e41b92c845bc815e5ae4230804e8e7bc29e399b0437d64222d92809dd",
                "sha256:e060d01aec0a910bdccb8be71faf34e7799ce36950f8294c8bf612cba65a2c9e",
                "sha256:e1421b502d83040e6d7fb2fb18dff63957f720da3d77b2fbd3187ceb63755d7b",
                "sha256:e17b8d5d6a8c47c85e68ca8379def1303fd360c3e22093a807cd34a71cd082b8",
                "sha256:e5f4d355f0a2b1a31bc3edec6795b46324349c9cb25eed068049e4f472fb4259",
                "sha256:e712b419df8ba5e42b226c510472b37bd57b38e897d3eca5e8cfd410a29fa859",
                "sha256:e74327fb75de8986940def6e8dee4f127cc9752bee7355bb323cc5b2659b6d46",
                "sha256:e80c8378d8f3d83cd3164da1ad2df9e37a666cdde7b1cb2298ed0b558064be30",
                "sha256:e8ac484bf18ce6975760921bb6148041faa8fef0547200386ea0b52b5d27bf7b",
                "sha256:eca9705049ad3c7345d574e3510665cb2cf844c2f2dcfe675332677f081cbd46",
                "sha256:ed065083d0898c9d5b4bbec7b026fd755ff7454e6e8b73a67f8c744b13986e24",
                "sha256:edac0f1ab77644605be2cbba52e6b7f630731fc42b34cb0f634be1a6eface56a",
                "sha256:effc3f449787117233702311a1b7d8f59cba9ced946ba727bdc329ec69028e24",
                "sha256:f22dec1690b584cea26fade98b2435c132c1b5f68e39f5a0b7627cd7ae31f1dc",
                "sha256:f495a1652cf3fbab2eb0639776dad966c2fb874d79d87ca07f9d5f059b8bd215",
                "sha256:f496c9c3cc02230093d8330875c4c3cdfc3b73612a5fd921c65d39cbcef08063",
                "sha256:f59099f9b66f0d7145115e6f80dd8b1d847176df89b234a5a6b3f00437aa0832",
                "sha256:f59ad4c0e8f6bba240a9bb85504faa1ab438237199d4cce5f622761507b8f6a6",
                "sha256:fbccdc05410c9ee21bbf16a35f4c1d16123dcdeb8a1d38f33654fa21d0234f79",
                "sha256:fea24543955a6a729c45a73fe90e08c743f0b3334bbf3201e6c4bc1b0c7fa464"
            ],
            "markers": "python_version >= '3.7'",
            "version": "==3.4.7"
        },
        "click": {
            "hashes": [
                "sha256:14162b8b3b3550a7d479eafa77dfd3c38d9dc8951f6f69c78913a8f9a7540fd5",
                "sha256:1924d2c27c5653561cd2cae4548d1406039cb79b858b747cfea24924bbc1616d"
            ],
            "markers": "python_version >= '3.10'",
            "version": "==8.3.2"
        },
        "django": {
            "hashes": [
                "sha256:7f2d292ad8b9ee35e405d965fbbad293758b858c34bbf7f3df551aeeac6f02d3",
                "sha256:e7130df33ada9ab5e5e929bc19346a20fe383f5454acb2cc004508f242ee92c0"
            ],
            "index": "pypi",
            "markers": "python_version >= '3.10'",
            "version": "==5.2.11"
        },
        "django-api-mixins": {
            "extras": [
                "filters"
            ],
            "hashes": [
                "sha256:3702dd40ad471e481a38768081a59bc94c02edbd0ffd08fc97d748575e744463",
                "sha256:40f9e154d09a61381c73c1897f58b9bcbdc317c106711a3dc8b1f443de606bf3"
            ],
            "markers": "python_version >= '3.8'",
            "version": "==1.0.4"
        },
        "django-cors-headers": {
            "hashes": [
                "sha256:15c7f20727f90044dcee2216a9fd7303741a864865f0c3657e28b7056f61b449",
                "sha256:fe5d7cb59fdc2c8c646ce84b727ac2bca8912a247e6e68e1fb507372178e59e8"
            ],
            "index": "pypi",
            "markers": "python_version >= '3.9'",
            "version": "==4.9.0"
        },
        "django-extensions": {
            "hashes": [
                "sha256:0699a7af28f2523bf8db309a80278519362cd4b6e1fd0a8cd4bf063e1e023336",
                "sha256:7b70a4d28e9b840f44694e3f7feb54f55d495f8b3fa6c5c0e5e12bcb2aa3cdeb"
            ],
            "index": "pypi",
            "markers": "python_version >= '3.9'",
            "version": "==4.1"
        },
        "django-filter": {
            "hashes": [
                "sha256:760e984a931f4468d096f5541787efb8998c61217b73006163bf2f9523fe8f23",
                "sha256:9c0f8609057309bba611062fe1b720b4a873652541192d232dd28970383633e3"
            ],
            "index": "pypi",
            "markers": "python_version >= '3.10'",
            "version": "==25.2"
        },
        "django-multitenant-middleware": {
            "hashes": [
                "sha256:a0130cba2e60c278ef795e0250b9b98f784dd6c5760fffe2de1f543c06ebd2fb",
                "sha256:ccb9055121874264a3c02b5297cda2f11db5dcb012a1857df85d3cc36fae394c"
            ],
            "index": "pypi",
            "markers": "python_version >= '3.9'",
            "version": "==0.1.4"
        },
        "django-redis": {
            "hashes": [
                "sha256:20bf0063a8abee567eb5f77f375143c32810c8700c0674ced34737f8de4e36c0",
                "sha256:2d9cb12a20424a4c4dde082c6122f486628bae2d9c2bee4c0126a4de7fda00dd"
            ],
            "index": "pypi",
            "markers": "python_version >= '3.9'",
            "version": "==6.0.0"
        },
        "django-tenants": {
            "hashes": [
                "sha256:15a9fc6080321d1f159ffa4334eb90f0438ed75658df7e963b1ad68f641add11",
                "sha256:81a4cd54695b7e561ec89dbcf952262d5643cbbfc3c92d184bb9698e857c529d"
            ],
            "index": "pypi",
            "markers": "python_version >= '3.10'",
            "version": "==3.10.0"
        },
        "djangorestframework": {
            "hashes": [
                "sha256:166809528b1aced0a17dc66c24492af18049f2c9420dbd0be29422029cfc3ff7",
                "sha256:33a59f47fb9c85ede792cbf88bde71893bcda0667bc573f784649521f1102cec"
            ],
            "index": "pypi",
            "markers": "python_version >= '3.9'",
            "version": "==3.16.1"
        },
        "djangorestframework-simplejwt": {
            "hashes": [
                "sha256:2c30f3707053d384e9f315d11c2daccfcb548d4faa453111ca19a542b732e469",
                "sha256:e72c5572f51d7803021288e2057afcbd03f17fe11d484096f40a460abc76e87f"
            ],
            "index": "pypi",
            "markers": "python_version >= '3.9'",
            "version": "==5.5.1"
        },
        "et-xmlfile": {
            "hashes": [
                "sha256:7a91720bc756843502c3b7504c77b8fe44217c85c537d85037f0f536151b2caa",
                "sha256:dab3f4764309081ce75662649be815c4c9081e88f0837825f90fd28317d4da54"
            ],
            "markers": "python_version >= '3.8'",
            "version": "==2.0.0"
        },
        "h11": {
            "hashes": [
                "sha256:4e35b956cf45792e4caa5885e69fba00bdbc6ffafbfa020300e549b208ee5ff1",
                "sha256:63cf8bbe7522de3bf65932fda1d9c2772064ffb3dae62d55932da54b31cb6c86"
            ],
            "markers": "python_version >= '3.8'",
            "version": "==0.16.0"
        },
        "idna": {
            "hashes": [
                "sha256:771a87f49d9defaf64091e6e6fe9c18d4833f140bd19464795bc32d966ca37ea",
                "sha256:795dafcc9c04ed0c1fb032c2aa73654d8e8c5023a7df64a53f39190ada629902"
            ],
            "markers": "python_version >= '3.8'",
            "version": "==3.11"
        },
        "msgpack": {
            "hashes": [
                "sha256:0051fffef5a37ca2cd16978ae4f0aef92f164df86823871b5162812bebecd8e2",
                "sha256:04fb995247a6e83830b62f0b07bf36540c213f6eac8e851166d8d86d83cbd014",
                "sha256:180759d89a057eab503cf62eeec0aa61c4ea1200dee709f3a8e9397dbb3b6931",
                "sha256:1d1418482b1ee984625d88aa9585db570180c286d942da463533b238b98b812b",
                "sha256:1de460f0403172cff81169a30b9a92b260cb809c4cb7e2fc79ae8d0510c78b6b",
                "sha256:1fdf7d83102bf09e7ce3357de96c59b627395352a4024f6e2458501f158bf999",
                "sha256:1fff3d825d7859ac888b0fbda39a42d59193543920eda9d9bea44d958a878029",
                "sha256:283ae72fc89da59aa004ba147e8fc2f766647b1251500182fac0350d8af299c0",
                "sha256:2929af52106ca73fcb28576218476ffbb531a036c2adbcf54a3664de124303e9",
                "sha256:2e86a607e558d22985d856948c12a3fa7b42efad264dca8a3ebbcfa2735d786c",
                "sha256:350ad5353a467d9e3b126d8d1b90fe05ad081e2e1cef5753f8c345217c37e7b8",
                "sha256:354e81bcdebaab427c3df4281187edc765d5d76bfb3a7c125af9da7a27e8458f",
                "sha256:365c0bbe981a27d8932da71af63ef86acc59ed5c01ad929e09a0b88c6294e28a",
                "sha256:372839311ccf6bdaf39b00b61288e0557916c3729529b301c52c2d88842add42",
                "sha256:3b60763c1373dd60f398488069bcdc703cd08a711477b5d480eecc9f9626f47e",
                "sha256:41d1a5d875680166d3ac5c38573896453bbbea7092936d2e107214daf43b1d4f",
                "sha256:42eefe2c3e2af97ed470eec850facbe1b5ad1d6eacdbadc42ec98e7dcf68b4b7",
                "sha256:446abdd8b94b55c800ac34b102dffd2f6aa0ce643c55dfc017ad89347db3dbdb",
                "sha256:454e29e186285d2ebe65be34629fa0e8605202c60fbc7c4c650ccd41870896ef",
                "sha256:4efd7b5979ccb539c221a4c4e16aac1a533efc97f3b759bb5a5ac9f6d10383bf",
                "sha256:5559d03930d3aa0f3aacb4c42c776af1a2ace2611871c84a75afe436695e6245",
                "sha256:5928604de9b032bc17f5099496417f113c45bc6bc21b5c6920caf34b3c428794",
                "sha256:59415c6076b1e30e563eb732e23b994a61c159cec44deaf584e5cc1dd662f2af",
                "sha256:5a46bf7e831d09470ad92dff02b8b1ac92175ca36b087f904a0519857c6be3ff",
                "sha256:602b6740e95ffc55bfb078172d279de3773d7b7db1f703b2f1323566b878b90e",
                "sha256:61c8aa3bd513d87c72ed0b37b53dd5c5a0f58f2ff9f26e1555d3bd7948fb7296",
                "sha256:67016ae8c8965124fdede9d3769528ad8284f14d635337ffa6a713a580f6c030",
                "sha256:6bde749afe671dc44893f8d08e83bf475a1a14570d67c4bb5cec5573463c8833",
                "sha256:6c15b7d74c939ebe620dd8e559384be806204d73b4f9356320632d783d1f7939",
                "sha256:70a0dff9d1f8da25179ffcf880e10cf1aad55fdb63cd59c9a49a1b82290062aa",
                "sha256:70c5a7a9fea7f036b716191c29047374c10721c389c21e9ffafad04df8c52c90",
                "sha256:7bc8813f88417599564fafa59fd6f95be417179f76b40325b500b3c98409757c",
                "sha256:80a0ff7d4abf5fecb995fcf235d4064b9a9a8a40a3ab80999e6ac1e30b702717",
                "sha256:86f8136dfa5c116365a8a651a7d7484b65b13339731dd6faebb9a0242151c406",
                "sha256:897c478140877e5307760b0ea66e0932738879e7aa68144d9b78ea4c8302a84a",
                "sha256:8b696e83c9f1532b4af884045ba7f3aa741a63b2bc22617293a2c6a7c645f251",
                "sha256:8e22ab046fa7ede9e36eeb4cfad44d46450f37bb05d5ec482b02868f451c95e2",
                "sha256:94fd7dc7d8cb0a54432f296f2246bc39474e017204ca6f4ff345941d4ed285a7",
                "sha256:99e2cb7b9031568a2a5c73aa077180f93dd2e95b4f8d3b8e14a73ae94a9e667e",
                "sha256:9ade919fac6a3e7260b7f64cea89df6bec59104987cbea34d34a2fa15d74310b",
                "sha256:9fba231af7a933400238cb357ecccf8ab5d51535ea95d94fc35b7806218ff844",
                "sha256:a465f0dceb8e13a487e54c07d04ae3ba131c7c5b95e2612596eafde1dccf64a9",
                "sha256:a605409040f2da88676e9c9e5853b3449ba8011973616189ea5ee55ddbc5bc87",
                "sha256:a668204fa43e6d02f89dbe79a30b0d67238d9ec4c5bd8a940fc3a004a47b721b",
                "sha256:a7787d353595c7c7e145e2331abf8b7ff1e6673a6b974ded96e6d4ec09f00c8c",
                "sha256:a8f6e7d30253714751aa0b0c84ae28948e852ee7fb0524082e6716769124bc23",
                "sha256:ad09b984828d6b7bb52d1d1d0c9be68ad781fa004ca39216c8a1e63c0f34ba3c",
                "sha256:bafca952dc13907bdfdedfc6a5f579bf4f292bdd506fadb38389afa3ac5b208e",
                "sha256:be52a8fc79e45b0364210eef5234a7cf8d330836d0a64dfbb878efa903d84620",
                "sha256:be5980f3ee0e6bd44f3a9e9dea01054f175b50c3e6cdb692bc9424c0bbb8bf69",
                "sha256:c63eea553c69ab05b6747901b97d620bb2a690633c77f23feb0c6a947a8a7b8f",
                "sha256:d198d275222dc54244bf3327eb8cbe00307d220241d9cec4d306d49a44e85f68",
                "sha256:d62ce1f483f355f61adb5433ebfd8868c5f078d1a52d042b0a998682b4fa8c27",
                "sha256:d99ef64f349d5ec3293688e91486c5fdb925ed03807f64d98d205d2713c60b46",
                "sha256:db6192777d943bdaaafb6ba66d44bf65aa0e9c5616fa1d2da9bb08828c6b39aa",
                "sha256:e23ce8d5f7aa6ea6d2a2b326b4ba46c985dbb204523759984430db7114f8aa00",
                "sha256:e64c8d2f5e5d5fda7b842f55dec6133260ea8f53c4257d64494c534f306bf7a9",
                "sha256:e69b39f8c0aa5ec24b57737ebee40be647035158f14ed4b40e6f150077e21a84",
                "sha256:ea5405c46e690122a76531ab97a079e184c0daf491e588592d6a23d3e32af99e",
                "sha256:f2cb069d8b981abc72b41aea1c580ce92d57c673ec61af4c500153a626cb9e20",
                "sha256:fac4be746328f90caa3cd4bc67e6fe36ca2bf61d5c6eb6d895b6527e3f05071e",
                "sha256:fffee09044073e69f2bad787071aeec727183e7580443dfeb8556cbf1978d162"
            ],
            "markers": "python_version >= '3.9'",
            "version": "==1.1.2"
        },
        "numpy": {
            "hashes": [
                "sha256:00ab83c56211a1d7c07c25e3217ea6695e50a3e2f255053686b081dc0b091a82",
                "sha256:068cdb2d0d644cdb45670810894f6a0600797a69c05f1ac478e8d31670b8ee75",
                "sha256:0f01dcf33e73d80bd8dc0f20a71303abbafa26a19e23f6b68d1aa9990af90257",
                "sha256:0fece1d1f0a89c16b03442eae5c56dc0be0c7883b5d388e0c03f53019a4bfd71",
                "sha256:12e26134a0331d8dbd9351620f037ec470b7c75929cb8a1537f6bfe411152a1a",
                "sha256:1ae241bbfc6ae276f94a170b14785e561cb5e7f626b6688cf076af4110887413",
                "sha256:1f92f53998a17265194018d1cc321b2e96e900ca52d54c7c77837b71b9465181",
                "sha256:209fae046e62d0ce6435fcfe3b1a10537e858249b3d9b05829e2a05218296a85",
                "sha256:20abd069b9cda45874498b245c8015b18ace6de8546bf50dfa8cea1696ed06ef",
                "sha256:21982668592194c609de53ba4933a7471880ccbaadcc52352694a59ecc860b3a",
                "sha256:25f2059807faea4b077a2b6837391b5d830864b3543627f381821c646f31a63c",
                "sha256:2653de5c24910e49c2b106499803124dde62a5a1fe0eedeaecf4309a5f639390",
                "sha256:2b8f157c8a6f20eb657e240f8985cc135598b2b46985c5bccbde7616dc9c6b1e",
                "sha256:2fb882da679409066b4603579619341c6d6898fc83a8995199d5249f986e8e8f",
                "sha256:40397bda92382fcec844066efb11f13e1c9a3e2a8e8f318fb72ed8b6db9f60f1",
                "sha256:444be170853f1f9d528428eceb55f12918e4fda5d8805480f36a002f1415e09b",
                "sha256:47c5a6ed21d9452b10227e5e8a0e1c22979811cad7dcc19d8e3e2fb8fa03f1a3",
                "sha256:4f069069931240b3fc703f1e23df63443dbd6390614c8c44a87d96cd0ec81eb1",
                "sha256:52b913ec40ff7ae845687b0b34d8d93b60cb66dcee06996dd5c99f2fc9328657",
                "sha256:5633c0da313330fd20c484c78cdd3f9b175b55e1a766c4a174230c6b70ad8262",
                "sha256:5daf6f3914a733336dab21a05cdec343144600e964d2fcdabaac0c0269874b2a",
                "sha256:5eea80d908b2c1f91486eb95b3fb6fab187e569ec9752ab7d9333d2e66bf2d6b",
                "sha256:602f65afdef699cda27ec0b9224ae5dc43e328f4c24c689deaf77133dbee74d0",
                "sha256:659a6107e31a83c4e33f763942275fd278b21d095094044eb35569e86a21ddae",
                "sha256:66cb9422236317f9d44b67b4d18f44efe6e9c7f8794ac0462978513359461554",
                "sha256:6d82351358ffbcdcd7b686b90742a9b86632d6c1c051016484fa0b326a0a1548",
                "sha256:6e9f61981ace1360e42737e2bae58b27bf28a1b27e781721047d84bd754d32e7",
                "sha256:6ed0be1ee58eef41231a5c943d7d1375f093142702d5723ca2eb07db9b934b05",
                "sha256:7cdde6de52fb6664b00b056341265441192d1291c130e99183ec0d4b110ff8b1",
                "sha256:7df2de1e4fba69a51c06c28f5a3de36731eb9639feb8e1cf7e4a7b0daf4cf622",
                "sha256:7edc794af8b36ca37ef5fcb5e0d128c7e0595c7b96a2318d1badb6fcd8ee86b1",
                "sha256:7f54844851cdb630ceb623dcec4db3240d1ac13d4990532446761baede94996a",
                "sha256:805cc8de9fd6e7a22da5aed858e0ab16be5a4db6c873dde1d7451c541553aa27",
                "sha256:8906e71fd8afcb76580404e2a950caef2685df3d2a57fe82a86ac8d33cc007ba",
                "sha256:89f7268c009bc492f506abd6f5265defa7cb3f7487dc21d357c3d290add45082",
                "sha256:8c50dd1fc8826f5b26a5ee4d77ca55d88a895f4e4819c7ecc2a9f5905047a443",
                "sha256:8e4549f8a3c6d13d55041925e912bfd834285ef1dd64d6bc7d542583355e2e98",
                "sha256:8e9afaeb0beff068b4d9cd20d322ba0ee1cecfb0b08db145e4ab4dd44a6b5110",
                "sha256:98f16a80e917003a12c0580f97b5f875853ebc33e2eaa4bccfc8201ac6869308",
                "sha256:9e35d3e0144137d9fdae62912e869136164534d64a169f86438bc9561b6ad49f",
                "sha256:9e4424677ce4b47fe73c8b5556d876571f7c6945d264201180db2dc34f676ab5",
                "sha256:adb6ed2ad29b9e15321d167d152ee909ec73395901b70936f029c3bc6d7f4460",
                "sha256:aea4f66ff44dfddf8c2cffd66ba6538c5ec67d389285292fe428cb2c738c8aef",
                "sha256:b21041e8cb6a1eb5312dd1d2f80a94d91efffb7a06b70597d44f1bd2dfc315ab",
                "sha256:b2f0073ed0868db1dcd86e052d37279eef185b9c8db5bf61f30f46adac63c909",
                "sha256:b3a24467af63c67829bfaa61eecf18d5432d4f11992688537be59ecd6ad32f5e",
                "sha256:b9c618d56a29c9cb1c4da979e9899be7578d2e0b3c24d52079c166324c9e8695",
                "sha256:bba37bc29d4d85761deed3954a1bc62be7cf462b9510b51d367b769a8c8df325",
                "sha256:bd3a7a9f5847d2fb8c2c6d1c862fa109c31a9abeca1a3c2bd5a64572955b2979",
                "sha256:be71bf1edb48ebbbf7f6337b5bfd2f895d1902f6335a5830b20141fc126ffba0",
                "sha256:c02ef4401a506fb60b411467ad501e1429a3487abca4664871d9ae0b46c8ba32",
                "sha256:c3cd545784805de05aafe1dde61752ea49a359ccba9760c1e5d1c88a93bbf2b7",
                "sha256:c7ac672d699bf36275c035e16b65539931347d68b70667d28984c9fb34e07fa7",
                "sha256:cb7bbb88aa74908950d979eeaa24dbdf1a865e3c7e45ff0121d8f70387b55f73",
                "sha256:cd2bd2bbed13e213d6b55dc1d035a4f91748a7d3edc9480c13898b0353708920",
                "sha256:cda077c2e5b780200b6b3e09d0b42205a3d1c68f30c6dceb90401c13bff8fe74",
                "sha256:cf28c0c1d4c4bf00f509fa7eb02c58d7caf221b50b467bcb0d9bbf1584d5c821",
                "sha256:d0d9b7c93578baafcbc5f0b83eaf17b79d345c6f36917ba0c67f45226911d499",
                "sha256:d1240d50adff70c2a88217698ca844723068533f3f5c5fa6ee2e3220e3bdb000",
                "sha256:d30291931c915b2ab5717c2974bb95ee891a1cf22ebc16a8006bd59cd210d40a",
                "sha256:d9f64d786b3b1dd742c946c42d15b07497ed14af1a1f3ce840cce27daa0ce913",
                "sha256:da6cad4e82cb893db4b69105c604d805e0c3ce11501a55b5e9f9083b47d2ffe8",
                "sha256:df1b10187212b198dd45fa943d8985a3c8cf854aed4923796e0e019e113a1bda",
                "sha256:e04ae107ac591763a47398bb45b568fc38f02dbc4aa44c063f67a131f99346cb",
                "sha256:e6dee3bb76aa4009d5a912180bf5b2de012532998d094acee25d9cb8dee3e44a",
                "sha256:e7e88598032542bd49af7c4747541422884219056c268823ef6e5e89851c8825",
                "sha256:e98c97502435b53741540a5717a6749ac2ada901056c7db951d33e11c885cc7d",
                "sha256:ec055f6dae239a6299cace477b479cca2fc125c5675482daf1dd886933a1076f",
                "sha256:f74f0f7779cc7ae07d1810aab8ac6b1464c3eafb9e283a40da7309d5e6e48fbb",
                "sha256:fbde1b0c6e81d56f5dccd95dd4a711d9b95df1ae4009a60887e56b27e8d903fa",
                "sha256:fcf92bee92742edd401ba41135185866f7026c502617f422eb432cfeca4fe236",
                "sha256:fd49860271d52127d61197bb50b64f58454e9f578cb4b2c001a6de8b1f50b0b1"
            ],
            "index": "pypi",
            "markers": "python_version >= '3.11'",
            "version": "==2.4.2"
        },
        "openpyxl": {
            "hashes": [
                "sha256:5282c12b107bffeef825f4617dc029afaf41d0ea60823bbb665ef3079dc79de2",
                "sha256:cf0e3cf56142039133628b5acffe8ef0c12bc902d2aadd3e0fe5878dc08d1050"
            ],
            "index": "pypi",
            "markers": "python_version >= '3.8'",
            "version": "==3.1.5"
        },
        "pandas": {
            "hashes": [
                "sha256:01f31a546acd5574ef77fe199bc90b55527c225c20ccda6601cf6b0fd5ed597c",
                "sha256:0555c5882688a39317179ab4a0ed41d3ebc8812ab14c69364bbee8fb7a3f6288",
                "sha256:07a10f5c36512eead51bc578eb3354ad17578b22c013d89a796ab5eee90cd991",
                "sha256:08504503f7101300107ecdc8df73658e4347586db5cfdadabc1592e9d7e7a0fd",
                "sha256:0f48afd9bb13300ffb5a3316973324c787054ba6665cda0da3fbd67f451995db",
                "sha256:140f0cffb1fa2524e874dde5b477d9defe10780d8e9e220d259b2c0874c89d9d",
                "sha256:232a70ebb568c0c4d2db4584f338c1577d81e3af63292208d615907b698a0f18",
                "sha256:32cc41f310ebd4a296d93515fcac312216adfedb1894e879303987b8f1e2b97d",
                "sha256:339dda302bd8369dedeae979cb750e484d549b563c3f54f3922cb8ff4978c5eb",
                "sha256:4544c7a54920de8eeacaa1466a6b7268ecfbc9bc64ab4dbb89c6bbe94d5e0660",
                "sha256:4d888a5c678a419a5bb41a2a93818e8ed9fd3172246555c0b37b7cc27027effd",
                "sha256:5371b72c2d4d415d08765f32d689217a43227484e81b2305b52076e328f6f482",
                "sha256:57a07209bebcbcf768d2d13c9b78b852f9a15978dac41b9e6421a81ad4cdd276",
                "sha256:5880314e69e763d4c8b27937090de570f1fb8d027059a7ada3f7f8e98bdcb677",
                "sha256:5d3cfe227c725b1f3dff4278b43d8c784656a42a9325b63af6b1492a8232209e",
                "sha256:5fdbfa05931071aba28b408e59226186b01eb5e92bea2ab78b65863ca3228d84",
                "sha256:60a80bb4feacbef5e1447a3f82c33209c8b7e07f28d805cfd1fb951e5cb443aa",
                "sha256:61c2fd96d72b983a9891b2598f286befd4ad262161a609c92dc1652544b46b76",
                "sha256:63d141b56ef686f7f0d714cfb8de4e320475b86bf4b620aa0b7da89af8cbdbbb",
                "sha256:6c4d8458b97a35717b62469a4ea0e85abd5ed8687277f5ccfc67f8a5126f8c53",
                "sha256:710246ba0616e86891b58ab95f2495143bb2bc83ab6b06747c74216f583a6ac9",
                "sha256:734be7551687c00fbd760dc0522ed974f82ad230d4a10f54bf51b80d44a08702",
                "sha256:7cadd7e9a44ec13b621aec60f9150e744cfc7a3dd32924a7e2f45edff31823b0",
                "sha256:81526c4afd31971f8b62671442a4b2b51e0aa9acc3819c9f0f12a28b6fcf85f1",
                "sha256:970762605cff1ca0d3f71ed4f3a769ea8f85fc8e6348f6e110b8fea7e6eb5a14",
                "sha256:a3096110bf9eac0070b7208465f2740e2d8a670d5cb6530b5bb884eca495fd39",
                "sha256:a4785e1d6547d8427c5208b748ae2efb64659a21bd82bf440d4262d02bfa02a4",
                "sha256:a727a73cbdba2f7458dc82449e2315899d5140b449015d822f515749a46cbbe0",
                "sha256:ae37e833ff4fed0ba352f6bdd8b73ba3ab3256a85e54edfd1ab51ae40cca0af8",
                "sha256:aff4e6f4d722e0652707d7bcb190c445fe58428500c6d16005b02401764b1b3d",
                "sha256:b35d14bb5d8285d9494fe93815a9e9307c0876e10f1e8e89ac5b88f728ec8dcf",
                "sha256:b444dc64c079e84df91baa8bf613d58405645461cabca929d9178f2cd392398d",
                "sha256:b5329e26898896f06035241a626d7c335daa479b9bbc82be7c2742d048e41172",
                "sha256:b5918ba197c951dec132b0c5929a00c0bf05d5942f590d3c10a807f6e15a57d3",
                "sha256:b75c347eff42497452116ce05ef461822d97ce5b9ff8df6edacb8076092c855d",
                "sha256:c3b723df9087a9a9a840e263ebd9f88b64a12075d1bf2ea401a5a42f254f084d",
                "sha256:c934008c733b8bbea273ea308b73b3156f0181e5b72960790b09c18a2794fe1e",
                "sha256:d1478075142e83a5571782ad007fb201ed074bdeac7ebcc8890c71442e96adf7",
                "sha256:d606a041c89c0a474a4702d532ab7e73a14fe35c8d427b972a625c8e46373668",
                "sha256:db0dbfd2a6cdf3770aa60464d50333d8f3d9165b2f2671bcc299b72de5a6677b",
                "sha256:dbbd4aa20ca51e63b53bbde6a0fa4254b1aaabb74d2f542df7a7959feb1d760c",
                "sha256:dbc20dea3b9e27d0e66d74c42b2d0c1bed9c2ffe92adea33633e3bedeb5ac235",
                "sha256:deeca1b5a931fdf0c2212c8a659ade6d3b1edc21f0914ce71ef24456ca7a6535",
                "sha256:ed72cb3f45190874eb579c64fa92d9df74e98fd63e2be7f62bce5ace0ade61df",
                "sha256:ef8b27695c3d3dc78403c9a7d5e59a62d5464a7e1123b4e0042763f7104dc74f",
                "sha256:f12b1a9e332c01e09510586f8ca9b108fd631fd656af82e452d7315ef6df5f9f",
                "sha256:f4753e73e34c8d83221ba58f232433fca2748be8b18dbca02d242ed153945043",
                "sha256:f8d68083e49e16b84734eb1a4dcae4259a75c90fb6e2251ab9a00b61120c06ab"
            ],
            "index": "pypi",
            "markers": "python_version >= '3.11'",
            "version": "==3.0.2"
        },
        "psycopg2-binary": {
            "hashes": [
                "sha256:00ce1830d971f43b667abe4a56e42c1e2d594b32da4802e44a73bacacb25535f",
                "sha256:04195548662fa544626c8ea0f06561eb6203f1984ba5b4562764fbeb4c3d14b1",
                "sha256:0da4de5c1ac69d94ed4364b6cbe7190c1a70d325f112ba783d83f8440285f152",
                "sha256:0e8480afd62362d0a6a27dd09e4ca2def6fa50ed3a4e7c09165266106b2ffa10",
                "sha256:20e7fb94e20b03dcc783f76c0865f9da39559dcc0c28dd1a3fce0d01902a6b9c",
                "sha256:2c226ef95eb2250974bf6fa7a842082b31f68385c4f3268370e3f3870e7859ee",
                "sha256:2d11098a83cca92deaeaed3d58cfd150d49b3b06ee0d0852be466bf87596899e",
                "sha256:2e164359396576a3cc701ba8af4751ae68a07235d7a380c631184a611220d9a4",
                "sha256:304fd7b7f97eef30e91b8f7e720b3db75fee010b520e434ea35ed1ff22501d03",
                "sha256:31b32c457a6025e74d233957cc9736742ac5a6cb196c6b68499f6bb51390bd6a",
                "sha256:32770a4d666fbdafab017086655bcddab791d7cb260a16679cc5a7338b64343b",
                "sha256:366df99e710a2acd90efed3764bb1e28df6c675d33a7fb40df9b7281694432ee",
                "sha256:37d8412565a7267f7d79e29ab66876e55cb5e8e7b3bbf94f8206f6795f8f7e7e",
                "sha256:4012c9c954dfaccd28f94e84ab9f94e12df76b4afb22331b1f0d3154893a6316",
                "sha256:41360b01c140c2a03d346cec3280cf8a71aa07d94f3b1509fa0161c366af66b4",
                "sha256:44fc5c2b8fa871ce7f0023f619f1349a0aa03a0857f2c96fbc01c657dcbbdb49",
                "sha256:47f212c1d3be608a12937cc131bd85502954398aaa1320cb4c14421a0ffccf4c",
                "sha256:4bdab48575b6f870f465b397c38f1b415520e9879fdf10a53ee4f49dcbdf8a21",
                "sha256:4dca1f356a67ecb68c81a7bc7809f1569ad9e152ce7fd02c2f2036862ca9f66b",
                "sha256:5c6ff3335ce08c75afaed19e08699e8aacf95d4a260b495a4a8545244fe2ceb3",
                "sha256:5f3f2732cf504a1aa9e9609d02f79bea1067d99edf844ab92c247bbca143303b",
                "sha256:62b6d93d7c0b61a1dd6197d208ab613eb7dcfdcca0a49c42ceb082257991de9d",
                "sha256:691c807d94aecfbc76a14e1408847d59ff5b5906a04a23e12a89007672b9e819",
                "sha256:763c93ef1df3da6d1a90f86ea7f3f806dc06b21c198fa87c3c25504abec9404a",
                "sha256:84011ba3109e06ac412f95399b704d3d6950e386b7994475b231cf61eec2fc1f",
                "sha256:865f9945ed1b3950d968ec4690ce68c55019d79e4497366d36e090327ce7db14",
                "sha256:875039274f8a2361e5207857899706da840768e2a775bf8c65e82f60b197df02",
                "sha256:8b81627b691f29c4c30a8f322546ad039c40c328373b11dff7490a3e1b517855",
                "sha256:8c55b385daa2f92cb64b12ec4536c66954ac53654c7f15a203578da4e78105c0",
                "sha256:91537a8df2bde69b1c1db01d6d944c831ca793952e4f57892600e96cee95f2cd",
                "sha256:92e3b669236327083a2e33ccfa0d320dd01b9803b3e14dd986a4fc54aa00f4e1",
                "sha256:9b52a3f9bb540a3e4ec0f6ba6d31339727b2950c9772850d6545b7eae0b9d7c5",
                "sha256:9bd81e64e8de111237737b29d68039b9c813bdf520156af36d26819c9a979e5f",
                "sha256:9c55460033867b4622cda1b6872edf445809535144152e5d14941ef591980edf",
                "sha256:9d3a9edcfbe77a3ed4bc72836d466dfce4174beb79eda79ea155cc77237ed9e8",
                "sha256:a1cf393f1cdaf6a9b57c0a719a1068ba1069f022a59b8b1fe44b006745b59757",
                "sha256:a28d8c01a7b27a1e3265b11250ba7557e5f72b5ee9e5f3a2fa8d2949c29bf5d2",
                "sha256:a311f1edc9967723d3511ea7d2708e2c3592e3405677bf53d5c7246753591fbb",
                "sha256:a6c0e4262e089516603a09474ee13eabf09cb65c332277e39af68f6233911087",
                "sha256:ab8905b5dcb05bf3fb22e0cf90e10f469563486ffb6a96569e51f897c750a76a",
                "sha256:b31e90fdd0f968c2de3b26ab014314fe814225b6c324f770952f7d38abf17e3c",
                "sha256:b33fabeb1fde21180479b2d4667e994de7bbf0eec22832ba5d9b5e4cf65b6c6d",
                "sha256:b637d6d941209e8d96a072d7977238eea128046effbf37d1d8b2c0764750017d",
                "sha256:b6aed9e096bf63f9e75edf2581aa9a7e7186d97ab5c177aa6c87797cd591236c",
                "sha256:b8fb3db325435d34235b044b199e56cdf9ff41223a4b9752e8576465170bb38c",
                "sha256:ba34475ceb08cccbdd98f6b46916917ae6eeb92b5ae111df10b544c3a4621dc4",
                "sha256:be9b840ac0525a283a96b556616f5b4820e0526addb8dcf6525a0fa162730be4",
                "sha256:bf940cd7e7fec19181fdbc29d76911741153d51cab52e5c21165f3262125685e",
                "sha256:c0377174bf1dd416993d16edc15357f6eb17ac998244cca19bc67cdc0e2e5766",
                "sha256:c3cb3a676873d7506825221045bd70e0427c905b9c8ee8d6acd70cfcbd6e576d",
                "sha256:c47676e5b485393f069b4d7a811267d3168ce46f988fa602658b8bb901e9e64d",
                "sha256:c665f01ec8ab273a61c62beeb8cce3014c214429ced8a308ca1fc410ecac3a39",
                "sha256:cffe9d7697ae7456649617e8bb8d7a45afb71cd13f7ab22af3e5c61f04840908",
                "sha256:d526864e0f67f74937a8fce859bd56c979f5e2ec57ca7c627f5f1071ef7fee60",
                "sha256:d57c9c387660b8893093459738b6abddbb30a7eab058b77b0d0d1c7d521ddfd7",
                "sha256:d6fe6b47d0b42ce1c9f1fa3e35bb365011ca22e39db37074458f27921dca40f2",
                "sha256:db4fd476874ccfdbb630a54426964959e58da4c61c9feba73e6094d51303d7d8",
                "sha256:e0deeb03da539fa3577fcb0b3f2554a97f7e5477c246098dbb18091a4a01c16f",
                "sha256:e35b7abae2b0adab776add56111df1735ccc71406e56203515e228a8dc07089f",
                "sha256:ebb415404821b6d1c47353ebe9c8645967a5235e6d88f914147e7fd411419e6f",
                "sha256:edcb3aeb11cb4bf13a2af3c53a15b3d612edeb6409047ea0b5d6a21a9d744b34",
                "sha256:ef7a6beb4beaa62f88592ccc65df20328029d721db309cb3250b0aae0fa146c3",
                "sha256:efff12b432179443f54e230fdf60de1f6cc726b6c832db8701227d089310e8aa",
                "sha256:f07c9c4a5093258a03b28fab9b4f151aa376989e7f35f855088234e656ee6a94",
                "sha256:f090b7ddd13ca842ebfe301cd587a76a4cf0913b1e429eb92c1be5dbeb1a19bc",
                "sha256:fa0f693d3c68ae925966f0b14b8edda71696608039f4ed61b1fe9ffa468d16db",
                "sha256:fcf21be3ce5f5659daefd2b3b3b6e4727b028221ddc94e6c1523425579664747"
            ],
            "index": "pypi",
            "markers": "python_version >= '3.9'",
            "version": "==2.9.11"
        },
        "pyjwt": {
            "hashes": [
                "sha256:28ca37c070cad8ba8cd9790cd940535d40274d22f80ab87f3ac6a713e6e8454c",
                "sha256:c74a7a2adf861c04d002db713dd85f84beb242228e671280bf709d765b03672b"
            ],
            "markers": "python_version >= '3.9'",
            "version": "==2.12.1"
        },
        "python-dateutil": {
            "hashes": [
                "sha256:37dd54208da7e1cd875388217d5e00ebd4179249f90fb72437e91a35459a0ad3",
                "sha256:a8b2bc7bffae282281c8140a97d3aa9c14da0b136dfe83f850eea9a5f7470427"
            ],
            "markers": "python_version >= '2.7' and python_version not in '3.0, 3.1, 3.2'",
            "version": "==2.9.0.post0"
        },
        "python-dotenv": {
            "hashes": [
                "sha256:1d8214789a24de455a8b8bd8ae6fe3c6b69a5e3d64aa8a8e5d68e694bbcb285a",
                "sha256:2c371a91fbd7ba082c2c1dc1f8bf89ca22564a087c2c287cd9b662adde799cf3"
            ],
            "index": "pypi",
            "markers": "python_version >= '3.10'",
            "version": "==1.2.2"
        },
        "redis": {
            "hashes": [
                "sha256:64a6ea7bf567ad43c964d2c30d82853f8df927c5c9017766c55a1d1ed95d18ad",
                "sha256:a9c74a5c893a5ef8455a5adb793a31bb70feb821c86eccb62eebef5a19c429ec"
            ],
            "markers": "python_version >= '3.10'",
            "version": "==7.4.0"
        },
        "requests": {
            "hashes": [
                "sha256:2462f94637a34fd532264295e186976db0f5d453d1cdd31473c85a6a161affb6",
                "sha256:dbba0bac56e100853db0ea71b82b4dfd5fe2bf6d3754a8893c3af500cec7d7cf"
            ],
            "index": "pypi",
            "markers": "python_version >= '3.9'",
            "version": "==2.32.5"
        },
        "six": {
            "hashes": [
                "sha256:4721f391ed90541fddacab5acf947aa0d3dc7d27b2e1e8eda2be8970586c3274",
                "sha256:ff70335d468e7eb6ec65b95b99d3a2836546063f63acc5171de367e834932a81"
            ],
            "markers": "python_version >= '2.7' and python_version not in '3.0, 3.1, 3.2'",
            "version": "==1.17.0"
        },
        "sqlparse": {
            "hashes": [
                "sha256:12a08b3bf3eec877c519589833aed092e2444e68240a3577e8e26148acc7b1ba",
                "sha256:e20d4a9b0b8585fdf63b10d30066c7c94c5d7a7ec47c889a2d83a3caa93ff28e"
            ],
            "markers": "python_version >= '3.8'",
            "version": "==0.5.5"
        },
        "tzdata": {
            "hashes": [
                "sha256:9173fde7d80d9018e02a662e168e5a2d04f87c41ea174b139fbef642eda62d10",
                "sha256:bbe9af844f658da81a5f95019480da3a89415801f6cc966806612cc7169bffe7"
            ],
            "markers": "python_version >= '2'",
            "version": "==2026.2"
        },
        "urllib3": {
            "hashes": [
                "sha256:1b62b6884944a57dbe321509ab94fd4d3b307075e0c2eae991ac71ee15ad38ed",
                "sha256:bf272323e553dfb2e87d9bfd225ca7b0f467b919d7bbd355436d3fd37cb0acd4"
            ],
            "markers": "python_version >= '3.9'",
            "version": "==2.6.3"
        },
        "uvicorn": {
            "hashes": [
                "sha256:09d11cf7008da33113824ee5a1c6422d89fbc2ff476540d69a34c87fab8b571a",
                "sha256:29e35b1d2c36a04b9e180d4007ede3bcb32a85fbdfd6c6aeb3f26839de088187"
            ],
            "index": "pypi",
            "markers": "python_version >= '3.10'",
            "version": "==0.41.0"
        },
        "xlsxwriter": {
            "hashes": [
                "sha256:254b1c37a368c444eac6e2f867405cc9e461b0ed97a3233b2ac1e574efb4140c",
                "sha256:9a5db42bc5dff014806c58a20b9eae7322a134abb6fce3c92c181bfb275ec5b3"
            ],
            "index": "pypi",
            "markers": "python_version >= '3.8'",
            "version": "==3.2.9"
        }
    },
    "develop": {}
}
